
Microsoft Visual Studio Solution File, Format Version 12.00
# Visual Studio 15
VisualStudioVersion = 15.0.27703.2000
MinimumVisualStudioVersion = 10.0.40219.1
Project("{9A19103F-16F7-4668-BE54-9A1E7A4F7556}") = "Siderite.StreamRegex", "Siderite.StreamRegex\Siderite.StreamRegex.csproj", "{5D359D93-5267-4324-9D33-6AD083BA05D5}"
EndProject
Project("{9A19103F-16F7-4668-BE54-9A1E7A4F7556}") = "Siderite.StreamRegex.Tests", "Siderite.StreamRegex.Tests\Siderite.StreamRegex.Tests.csproj", "{219821AF-4DB9-4001-89D7-BE2BAE0F2088}"
EndProject
Global
	GlobalSection(SolutionConfigurationPlatforms) = preSolution
		Debug|Any CPU = Debug|Any CPU
		Release|Any CPU = Release|Any CPU
	EndGlobalSection
	GlobalSection(ProjectConfigurationPlatforms) = postSolution
		{5D359D93-5267-4324-9D33-6AD083BA05D5}.Debug|Any CPU.ActiveCfg = Debug|Any CPU
		{5D359D93-5267-4324-9D33-6AD083BA05D5}.Debug|Any CPU.Build.0 = Debug|Any CPU
		{5D359D93-5267-4324-9D33-6AD083BA05D5}.Release|Any CPU.ActiveCfg = Release|Any CPU
		{5D359D93-5267-4324-9D33-6AD083BA05D5}.Release|Any CPU.Build.0 = Release|Any CPU
		{219821AF-4DB9-4001-89D7-BE2BAE0F2088}.Debug|Any CPU.ActiveCfg = Debug|Any CPU
		{219821AF-4DB9-4001-89D7-BE2BAE0F2088}.Debug|Any CPU.Build.0 = Debug|Any CPU
		{219821AF-4DB9-4001-89D7-BE2BAE0F2088}.Release|Any CPU.ActiveCfg = Release|Any CPU
		{219821AF-4DB9-4001-89D7-BE2BAE0F2088}.Release|Any CPU.Build.0 = Release|Any CPU
	EndGlobalSection
	GlobalSection(SolutionProperties) = preSolution
		HideSolutionNode = FALSE
	EndGlobalSection
	GlobalSection(ExtensibilityGlobals) = postSolution
		SolutionGuid = {1A3E50D0-E780-44BD-837D-525989A43E1B}
	EndGlobalSection
EndGlobal
